{
  "name": "funql",
  "version": "1.0.0",
  "lockfileVersion": 3,
  "requires": true,
  "packages": {
    "": {
      "name": "funql",
      "version": "1.0.0",
      "license": "ISC",
      "dependencies": {
        "sqlite": "^4.2.1"
      }
    },
    "node_modules/sqlite": {
      "version": "4.2.1",
      "resolved": "https://registry.npmjs.org/sqlite/-/sqlite-4.2.1.tgz",
      "integrity": "sha512-Tll0Ndvnwkuv5Hn6WIbh26rZiYQORuH1t5m/or9LUpSmDmmyFG89G9fKrSeugMPxwmEIXoVxqTun4LbizTs4uw=="
    }
  }
}
